
Microsoft Visual Studio Solution File, Format Version 12.00
# Visual Studio Version 17
VisualStudioVersion = 17.9.34723.18
MinimumVisualStudioVersion = 10.0.40219.1
Project("{8BC9CEB8-8B4A-11D0-8D11-00A0C91BC942}") = "ObjectTest", "ObjectTest.vcxproj", "{2A52E5D7-69B8-4C76-A9CB-A49D07678C06}"
EndProject
Global
	GlobalSection(SolutionConfigurationPlatforms) = preSolution
		Debug|x64 = Debug|x64
		Debug|x86 = Debug|x86
		Release|x64 = Release|x64
		Release|x86 = Release|x86
	EndGlobalSection
	GlobalSection(ProjectConfigurationPlatforms) = postSolution
		{2A52E5D7-69B8-4C76-A9CB-A49D07678C06}.Debug|x64.ActiveCfg = Debug|x64
		{2A52E5D7-69B8-4C76-A9CB-A49D07678C06}.Debug|x64.Build.0 = Debug|x64
		{2A52E5D7-69B8-4C76-A9CB-A49D07678C06}.Debug|x86.ActiveCfg = Debug|Win32
		{2A52E5D7-69B8-4C76-A9CB-A49D07678C06}.Debug|x86.Build.0 = Debug|Win32
		{2A52E5D7-69B8-4C76-A9CB-A49D07678C06}.Release|x64.ActiveCfg = Release|x64
		{2A52E5D7-69B8-4C76-A9CB-A49D07678C06}.Release|x64.Build.0 = Release|x64
		{2A52E5D7-69B8-4C76-A9CB-A49D07678C06}.Release|x86.ActiveCfg = Release|Win32
		{2A52E5D7-69B8-4C76-A9CB-A49D07678C06}.Release|x86.Build.0 = Release|Win32
	EndGlobalSection
	GlobalSection(SolutionProperties) = preSolution
		HideSolutionNode = FALSE
	EndGlobalSection
	GlobalSection(ExtensibilityGlobals) = postSolution
		SolutionGuid = {3DBD2A58-3EED-4B1D-8C64-6DE7C752D5B4}
	EndGlobalSection
EndGlobal
